
Microsoft Visual Studio Solution File, Format Version 12.00
# Visual Studio Version 16
VisualStudioVersion = 16.0.30114.105
MinimumVisualStudioVersion = 10.0.40219.1
Project("{FAE04EC0-301F-11D3-BF4B-00C04F79EFBC}") = "asp_a2", "asp_a2\asp_a2.csproj", "{519ABC15-1A6E-4B23-B6D3-57094EC3B17E}"
EndProject
Project("{FAE04EC0-301F-11D3-BF4B-00C04F79EFBC}") = "UTest", "MyTest\UTest.csproj", "{19A7E8DE-E31B-4794-98A7-5568FECB97E4}"
EndProject
Global
	GlobalSection(SolutionConfigurationPlatforms) = preSolution
		Debug|Any CPU = Debug|Any CPU
		Release|Any CPU = Release|Any CPU
	EndGlobalSection
	GlobalSection(SolutionProperties) = preSolution
		HideSolutionNode = FALSE
	EndGlobalSection
	GlobalSection(ProjectConfigurationPlatforms) = postSolution
		{519ABC15-1A6E-4B23-B6D3-57094EC3B17E}.Debug|Any CPU.ActiveCfg = Debug|Any CPU
		{519ABC15-1A6E-4B23-B6D3-57094EC3B17E}.Debug|Any CPU.Build.0 = Debug|Any CPU
		{519ABC15-1A6E-4B23-B6D3-57094EC3B17E}.Release|Any CPU.ActiveCfg = Release|Any CPU
		{519ABC15-1A6E-4B23-B6D3-57094EC3B17E}.Release|Any CPU.Build.0 = Release|Any CPU
		{19A7E8DE-E31B-4794-98A7-5568FECB97E4}.Debug|Any CPU.ActiveCfg = Debug|Any CPU
		{19A7E8DE-E31B-4794-98A7-5568FECB97E4}.Debug|Any CPU.Build.0 = Debug|Any CPU
		{19A7E8DE-E31B-4794-98A7-5568FECB97E4}.Release|Any CPU.ActiveCfg = Release|Any CPU
		{19A7E8DE-E31B-4794-98A7-5568FECB97E4}.Release|Any CPU.Build.0 = Release|Any CPU
	EndGlobalSection
EndGlobal
